
Microsoft Visual Studio Solution File, Format Version 12.00
# Visual Studio 15
VisualStudioVersion = 15.0.28010.2048
MinimumVisualStudioVersion = 10.0.40219.1
Project("{FAE04EC0-301F-11D3-BF4B-00C04F79EFBC}") = "HotFixGame", "HotFixGame\HotFixGame.csproj", "{8ACAC201-B933-4641-B53B-2DAD43092C03}"
EndProject
Project("{FAE04EC0-301F-11D3-BF4B-00C04F79EFBC}") = "Assembly-CSharp", "..\FightingLandlords\Assembly-CSharp.csproj", "{E23B47C9-5239-EFAF-C1B1-30C31E1EA1B9}"
EndProject
Global
	GlobalSection(SolutionConfigurationPlatforms) = preSolution
		Debug|Any CPU = Debug|Any CPU
		Release|Any CPU = Release|Any CPU
	EndGlobalSection
	GlobalSection(ProjectConfigurationPlatforms) = postSolution
		{8ACAC201-B933-4641-B53B-2DAD43092C03}.Debug|Any CPU.ActiveCfg = Debug|Any CPU
		{8ACAC201-B933-4641-B53B-2DAD43092C03}.Debug|Any CPU.Build.0 = Debug|Any CPU
		{8ACAC201-B933-4641-B53B-2DAD43092C03}.Release|Any CPU.ActiveCfg = Release|Any CPU
		{8ACAC201-B933-4641-B53B-2DAD43092C03}.Release|Any CPU.Build.0 = Release|Any CPU
		{E23B47C9-5239-EFAF-C1B1-30C31E1EA1B9}.Debug|Any CPU.ActiveCfg = Debug|Any CPU
		{E23B47C9-5239-EFAF-C1B1-30C31E1EA1B9}.Debug|Any CPU.Build.0 = Debug|Any CPU
		{E23B47C9-5239-EFAF-C1B1-30C31E1EA1B9}.Release|Any CPU.ActiveCfg = Release|Any CPU
		{E23B47C9-5239-EFAF-C1B1-30C31E1EA1B9}.Release|Any CPU.Build.0 = Release|Any CPU
	EndGlobalSection
	GlobalSection(SolutionProperties) = preSolution
		HideSolutionNode = FALSE
	EndGlobalSection
	GlobalSection(ExtensibilityGlobals) = postSolution
		SolutionGuid = {E765BD63-CD2D-4BBC-9CF7-9DEF9B3BE95E}
	EndGlobalSection
EndGlobal
